# This file is automatically @generated by Cargo.
# It is not intended for manual editing.
[[package]]
name = "cfg-if"
version = "1.0.0"
source = "registry+https://github.com/rust-lang/crates.io-index"
checksum = "baf1de4339761588bc0619e3cbc0120ee582ebb74b53b4efbf79117bd2da40fd"

[[package]]
name = "chacha20"
version = "0.7.3"
source = "registry+https://github.com/rust-lang/crates.io-index"
checksum = "f08493fa7707effc63254c66c6ea908675912493cd67952eda23c09fae2610b1"
dependencies = [
 "cfg-if",
 "cipher",
 "cpufeatures",
]

[[package]]
name = "cipher"
version = "0.3.0"
source = "registry+https://github.com/rust-lang/crates.io-index"
checksum = "7ee52072ec15386f770805afd189a01c8841be8696bed250fa2f13c4c0d6dfb7"
dependencies = [
 "generic-array",
]

[[package]]
name = "cpufeatures"
version = "0.2.1"
source = "registry+https://github.com/rust-lang/crates.io-index"
checksum = "95059428f66df56b63431fdb4e1947ed2190586af5c5a8a8b71122bdf5a7f469"
dependencies = [
 "libc",
]

[[package]]
name = "generic-array"
version = "0.14.4"
source = "registry+https://github.com/rust-lang/crates.io-index"
checksum = "501466ecc8a30d1d3b7fc9229b122b2ce8ed6e9d9223f1138d4babb253e51817"
dependencies = [
 "typenum",
 "version_check",
]

[[package]]
name = "libc"
version = "0.2.101"
source = "registry+https://github.com/rust-lang/crates.io-index"
checksum = "3cb00336871be5ed2c8ed44b60ae9959dc5b9f08539422ed43f09e34ecaeba21"

[[package]]
name = "typenum"
version = "1.13.0"
source = "registry+https://github.com/rust-lang/crates.io-index"
checksum = "879f6906492a7cd215bfa4cf595b600146ccfac0c79bcbd1f3000162af5e8b06"

[[package]]
name = "version_check"
version = "0.9.3"
source = "registry+https://github.com/rust-lang/crates.io-index"
checksum = "5fecdca9a5291cc2b8dcf7dc02453fee791a280f3743cb0905f8822ae463b3fe"

[[package]]
name = "work"
version = "0.1.0"
dependencies = [
 "chacha20",
]
